
Microsoft Visual Studio Solution File, Format Version 12.00
# Visual Studio 15
VisualStudioVersion = 15.0.28010.2026
MinimumVisualStudioVersion = 10.0.40219.1
Project("{FAE04EC0-301F-11D3-BF4B-00C04F79EFBC}") = "Assembly-Browser", "Assembly-Browser\Assembly-Browser.csproj", "{0EDF2FFC-6BE7-49F6-85A4-E3AD6CC7F125}"
EndProject
Global
	GlobalSection(SolutionConfigurationPlatforms) = preSolution
		Debug|Any CPU = Debug|Any CPU
		Release|Any CPU = Release|Any CPU
	EndGlobalSection
	GlobalSection(ProjectConfigurationPlatforms) = postSolution
		{0EDF2FFC-6BE7-49F6-85A4-E3AD6CC7F125}.Debug|Any CPU.ActiveCfg = Debug|Any CPU
		{0EDF2FFC-6BE7-49F6-85A4-E3AD6CC7F125}.Debug|Any CPU.Build.0 = Debug|Any CPU
		{0EDF2FFC-6BE7-49F6-85A4-E3AD6CC7F125}.Release|Any CPU.ActiveCfg = Release|Any CPU
		{0EDF2FFC-6BE7-49F6-85A4-E3AD6CC7F125}.Release|Any CPU.Build.0 = Release|Any CPU
	EndGlobalSection
	GlobalSection(SolutionProperties) = preSolution
		HideSolutionNode = FALSE
	EndGlobalSection
	GlobalSection(ExtensibilityGlobals) = postSolution
		SolutionGuid = {2608D3E1-D614-4C5C-B7B8-EACE11DAB337}
	EndGlobalSection
EndGlobal
