
Microsoft Visual Studio Solution File, Format Version 12.00
# Visual Studio 15
VisualStudioVersion = 15.0.28010.2026
MinimumVisualStudioVersion = 10.0.40219.1
Project("{FAE04EC0-301F-11D3-BF4B-00C04F79EFBC}") = "AssemblyBrowserUnitTests", "AssemblyBrowserUnitTests\AssemblyBrowserUnitTests.csproj", "{29F5471F-AF9E-489C-A8B1-B618D531C190}"
EndProject
Global
	GlobalSection(SolutionConfigurationPlatforms) = preSolution
		Debug|Any CPU = Debug|Any CPU
		Release|Any CPU = Release|Any CPU
	EndGlobalSection
	GlobalSection(ProjectConfigurationPlatforms) = postSolution
		{29F5471F-AF9E-489C-A8B1-B618D531C190}.Debug|Any CPU.ActiveCfg = Debug|Any CPU
		{29F5471F-AF9E-489C-A8B1-B618D531C190}.Debug|Any CPU.Build.0 = Debug|Any CPU
		{29F5471F-AF9E-489C-A8B1-B618D531C190}.Release|Any CPU.ActiveCfg = Release|Any CPU
		{29F5471F-AF9E-489C-A8B1-B618D531C190}.Release|Any CPU.Build.0 = Release|Any CPU
	EndGlobalSection
	GlobalSection(SolutionProperties) = preSolution
		HideSolutionNode = FALSE
	EndGlobalSection
	GlobalSection(ExtensibilityGlobals) = postSolution
		SolutionGuid = {E578F44B-D814-44B2-AA17-FD0FCF69640A}
	EndGlobalSection
EndGlobal
